
Microsoft Visual Studio Solution File, Format Version 12.00
Project("{FAE04EC0-301F-11D3-BF4B-00C04F79EFBC}") = "JustShowcase", "JustShowcase\JustShowcase.csproj", "{B894EF29-A341-4FD2-A63B-2EC97CF2217E}"
EndProject
Project("{FAE04EC0-301F-11D3-BF4B-00C04F79EFBC}") = "Application", "Application\Application.csproj", "{96F716A1-C904-47FA-B654-C1F378617B5A}"
EndProject
Project("{FAE04EC0-301F-11D3-BF4B-00C04F79EFBC}") = "Domain", "Domain\Domain.csproj", "{C6AE98D7-3AAA-4826-9E8F-C6F8A5CDFE89}"
EndProject
Project("{FAE04EC0-301F-11D3-BF4B-00C04F79EFBC}") = "Persistence", "Persistence\Persistence.csproj", "{14BE2BD2-EAC0-4401-936A-80B0C8D0976E}"
EndProject
Project("{FAE04EC0-301F-11D3-BF4B-00C04F79EFBC}") = "FIlesMetadataGenerator", "FIlesMetadataGenerator\FIlesMetadataGenerator.csproj", "{D567820A-9762-4E2C-95F2-3FDF101C2419}"
EndProject
Global
	GlobalSection(SolutionConfigurationPlatforms) = preSolution
		Debug|Any CPU = Debug|Any CPU
		Release|Any CPU = Release|Any CPU
	EndGlobalSection
	GlobalSection(ProjectConfigurationPlatforms) = postSolution
		{B894EF29-A341-4FD2-A63B-2EC97CF2217E}.Debug|Any CPU.ActiveCfg = Debug|Any CPU
		{B894EF29-A341-4FD2-A63B-2EC97CF2217E}.Debug|Any CPU.Build.0 = Debug|Any CPU
		{B894EF29-A341-4FD2-A63B-2EC97CF2217E}.Release|Any CPU.ActiveCfg = Release|Any CPU
		{B894EF29-A341-4FD2-A63B-2EC97CF2217E}.Release|Any CPU.Build.0 = Release|Any CPU
		{96F716A1-C904-47FA-B654-C1F378617B5A}.Debug|Any CPU.ActiveCfg = Debug|Any CPU
		{96F716A1-C904-47FA-B654-C1F378617B5A}.Debug|Any CPU.Build.0 = Debug|Any CPU
		{96F716A1-C904-47FA-B654-C1F378617B5A}.Release|Any CPU.ActiveCfg = Release|Any CPU
		{96F716A1-C904-47FA-B654-C1F378617B5A}.Release|Any CPU.Build.0 = Release|Any CPU
		{C6AE98D7-3AAA-4826-9E8F-C6F8A5CDFE89}.Debug|Any CPU.ActiveCfg = Debug|Any CPU
		{C6AE98D7-3AAA-4826-9E8F-C6F8A5CDFE89}.Debug|Any CPU.Build.0 = Debug|Any CPU
		{C6AE98D7-3AAA-4826-9E8F-C6F8A5CDFE89}.Release|Any CPU.ActiveCfg = Release|Any CPU
		{C6AE98D7-3AAA-4826-9E8F-C6F8A5CDFE89}.Release|Any CPU.Build.0 = Release|Any CPU
		{14BE2BD2-EAC0-4401-936A-80B0C8D0976E}.Debug|Any CPU.ActiveCfg = Debug|Any CPU
		{14BE2BD2-EAC0-4401-936A-80B0C8D0976E}.Debug|Any CPU.Build.0 = Debug|Any CPU
		{14BE2BD2-EAC0-4401-936A-80B0C8D0976E}.Release|Any CPU.ActiveCfg = Release|Any CPU
		{14BE2BD2-EAC0-4401-936A-80B0C8D0976E}.Release|Any CPU.Build.0 = Release|Any CPU
		{D567820A-9762-4E2C-95F2-3FDF101C2419}.Debug|Any CPU.ActiveCfg = Debug|Any CPU
		{D567820A-9762-4E2C-95F2-3FDF101C2419}.Debug|Any CPU.Build.0 = Debug|Any CPU
		{D567820A-9762-4E2C-95F2-3FDF101C2419}.Release|Any CPU.ActiveCfg = Release|Any CPU
		{D567820A-9762-4E2C-95F2-3FDF101C2419}.Release|Any CPU.Build.0 = Release|Any CPU
	EndGlobalSection
EndGlobal
